
Microsoft Visual Studio Solution File, Format Version 12.00
# Visual Studio Version 18
VisualStudioVersion = 18.3.11527.330 d18.3
MinimumVisualStudioVersion = 10.0.40219.1
Project("{FAE04EC0-301F-11D3-BF4B-00C04F79EFBC}") = "Bank", "Bank\Bank.csproj", "{E009EC4A-17AB-4253-BDAC-7A635C8C7F5B}"
EndProject
Project("{FAE04EC0-301F-11D3-BF4B-00C04F79EFBC}") = "Bank.Tests", "Bank.Tests\Bank.Tests.csproj", "{3D2BD084-FBFA-4AC4-B716-E12799A14D91}"
EndProject
Project("{FAE04EC0-301F-11D3-BF4B-00C04F79EFBC}") = "BankApp", "BankApp\BankApp.csproj", "{33B8C30F-DB7E-4A1A-AC1A-E70EC7012BEB}"
EndProject
Global
	GlobalSection(SolutionConfigurationPlatforms) = preSolution
		Debug|Any CPU = Debug|Any CPU
		Release|Any CPU = Release|Any CPU
	EndGlobalSection
	GlobalSection(ProjectConfigurationPlatforms) = postSolution
		{E009EC4A-17AB-4253-BDAC-7A635C8C7F5B}.Debug|Any CPU.ActiveCfg = Debug|Any CPU
		{E009EC4A-17AB-4253-BDAC-7A635C8C7F5B}.Debug|Any CPU.Build.0 = Debug|Any CPU
		{E009EC4A-17AB-4253-BDAC-7A635C8C7F5B}.Release|Any CPU.ActiveCfg = Release|Any CPU
		{E009EC4A-17AB-4253-BDAC-7A635C8C7F5B}.Release|Any CPU.Build.0 = Release|Any CPU
		{3D2BD084-FBFA-4AC4-B716-E12799A14D91}.Debug|Any CPU.ActiveCfg = Debug|Any CPU
		{3D2BD084-FBFA-4AC4-B716-E12799A14D91}.Debug|Any CPU.Build.0 = Debug|Any CPU
		{3D2BD084-FBFA-4AC4-B716-E12799A14D91}.Release|Any CPU.ActiveCfg = Release|Any CPU
		{3D2BD084-FBFA-4AC4-B716-E12799A14D91}.Release|Any CPU.Build.0 = Release|Any CPU
		{33B8C30F-DB7E-4A1A-AC1A-E70EC7012BEB}.Debug|Any CPU.ActiveCfg = Debug|Any CPU
		{33B8C30F-DB7E-4A1A-AC1A-E70EC7012BEB}.Debug|Any CPU.Build.0 = Debug|Any CPU
		{33B8C30F-DB7E-4A1A-AC1A-E70EC7012BEB}.Release|Any CPU.ActiveCfg = Release|Any CPU
		{33B8C30F-DB7E-4A1A-AC1A-E70EC7012BEB}.Release|Any CPU.Build.0 = Release|Any CPU
	EndGlobalSection
	GlobalSection(SolutionProperties) = preSolution
		HideSolutionNode = FALSE
	EndGlobalSection
	GlobalSection(ExtensibilityGlobals) = postSolution
		SolutionGuid = {3403BF67-9E8F-4EED-BDB6-A5DD3F4B4E23}
	EndGlobalSection
EndGlobal
